# @generated by Move, please check-in and do not edit manually.

[move]
version = 3
manifest_digest = "5039DB0AEBC2BE15ED126FE2E086FB2FA34D154B5686F0D5AB73B7379E160CD6"
deps_digest = "F8BBB0CCB2491CA29A3DF03D6F92277A4F3574266507ACD77214D37ECA3F3082"
dependencies = [
  { id = "Sui", name = "Sui" },
]

[[move.package]]
id = "MoveStdlib"
source = { local = "../../sui-main/crates/sui-framework/packages/move-stdlib" }

[[move.package]]
id = "Sui"
source = { local = "../../sui-main/crates/sui-framework/packages/sui-framework" }

dependencies = [
  { id = "MoveStdlib", name = "MoveStdlib" },
]

[move.toolchain-version]
compiler-version = "1.39.0"
edition = "2024.beta"
flavor = "sui"

[env]

[env.devnet]
chain-id = "54f83c42"
original-published-id = "0x7f3c9c2105c5847fa6a5a4a03be8cd60c07b438084e97d4fce126e6b5a38834d"
latest-published-id = "0x7f3c9c2105c5847fa6a5a4a03be8cd60c07b438084e97d4fce126e6b5a38834d"
published-version = "1"
